// !$*UTF8*$!
{
	archiveVersion = 1;
	classes = {
	};
	objectVersion = 48;
	objects = {

/* Begin PBXBuildFile section */
		FF0219B21F3C470A00A4C5FF /* AppDelegate.swift in Sources */ = {isa = PBXBuildFile; fileRef = FF0219B11F3C470A00A4C5FF /* AppDelegate.swift */; };
		FF0219B41F3C470A00A4C5FF /* InitialViewController.swift in Sources */ = {isa = PBXBuildFile; fileRef = FF0219B31F3C470A00A4C5FF /* InitialViewController.swift */; };
		FF0219B71F3C470A00A4C5FF /* Main.storyboard in Resources */ = {isa = PBXBuildFile; fileRef = FF0219B51F3C470A00A4C5FF /* Main.storyboard */; };
		FF0219B91F3C470A00A4C5FF /* Assets.xcassets in Resources */ = {isa = PBXBuildFile; fileRef = FF0219B81F3C470A00A4C5FF /* Assets.xcassets */; };
		FF0219C11F3C47F100A4C5FF /* SinglePageViewController.swift in Sources */ = {isa = PBXBuildFile; fileRef = FF0219C01F3C47F100A4C5FF /* SinglePageViewController.swift */; };
/* End PBXBuildFile section */

/* Begin PBXFileReference section */
		FF0219AE1F3C470A00A4C5FF /* Radar-Pager.app */ = {isa = PBXFileReference; explicitFileType = wrapper.application; includeInIndex = 0; path = "Radar-Pager.app"; sourceTree = BUILT_PRODUCTS_DIR; };
		FF0219B11F3C470A00A4C5FF /* AppDelegate.swift */ = {isa = PBXFileReference; lastKnownFileType = sourcecode.swift; path = AppDelegate.swift; sourceTree = "<group>"; };
		FF0219B31F3C470A00A4C5FF /* InitialViewController.swift */ = {isa = PBXFileReference; lastKnownFileType = sourcecode.swift; path = InitialViewController.swift; sourceTree = "<group>"; };
		FF0219B61F3C470A00A4C5FF /* Base */ = {isa = PBXFileReference; lastKnownFileType = file.storyboard; name = Base; path = Base.lproj/Main.storyboard; sourceTree = "<group>"; };
		FF0219B81F3C470A00A4C5FF /* Assets.xcassets */ = {isa = PBXFileReference; lastKnownFileType = folder.assetcatalog; path = Assets.xcassets; sourceTree = "<group>"; };
		FF0219BA1F3C470A00A4C5FF /* Info.plist */ = {isa = PBXFileReference; lastKnownFileType = text.plist.xml; path = Info.plist; sourceTree = "<group>"; };
		FF0219C01F3C47F100A4C5FF /* SinglePageViewController.swift */ = {isa = PBXFileReference; lastKnownFileType = sourcecode.swift; path = SinglePageViewController.swift; sourceTree = "<group>"; };
/* End PBXFileReference section */

/* Begin PBXFrameworksBuildPhase section */
		FF0219AB1F3C470A00A4C5FF /* Frameworks */ = {
			isa = PBXFrameworksBuildPhase;
			buildActionMask = 2147483647;
			files = (
			);
			runOnlyForDeploymentPostprocessing = 0;
		};
/* End PBXFrameworksBuildPhase section */

/* Begin PBXGroup section */
		FF0219A51F3C470A00A4C5FF = {
			isa = PBXGroup;
			children = (
				FF0219B01F3C470A00A4C5FF /* Radar-Pager */,
				FF0219AF1F3C470A00A4C5FF /* Products */,
			);
			sourceTree = "<group>";
		};
		FF0219AF1F3C470A00A4C5FF /* Products */ = {
			isa = PBXGroup;
			children = (
				FF0219AE1F3C470A00A4C5FF /* Radar-Pager.app */,
			);
			name = Products;
			sourceTree = "<group>";
		};
		FF0219B01F3C470A00A4C5FF /* Radar-Pager */ = {
			isa = PBXGroup;
			children = (
				FF0219B11F3C470A00A4C5FF /* AppDelegate.swift */,
				FF0219B31F3C470A00A4C5FF /* InitialViewController.swift */,
				FF0219C01F3C47F100A4C5FF /* SinglePageViewController.swift */,
				FF0219B51F3C470A00A4C5FF /* Main.storyboard */,
				FF0219B81F3C470A00A4C5FF /* Assets.xcassets */,
				FF0219BA1F3C470A00A4C5FF /* Info.plist */,
			);
			path = "Radar-Pager";
			sourceTree = "<group>";
		};
/* End PBXGroup section */

/* Begin PBXNativeTarget section */
		FF0219AD1F3C470A00A4C5FF /* Radar-Pager */ = {
			isa = PBXNativeTarget;
			buildConfigurationList = FF0219BD1F3C470A00A4C5FF /* Build configuration list for PBXNativeTarget "Radar-Pager" */;
			buildPhases = (
				FF0219AA1F3C470A00A4C5FF /* Sources */,
				FF0219AB1F3C470A00A4C5FF /* Frameworks */,
				FF0219AC1F3C470A00A4C5FF /* Resources */,
			);
			buildRules = (
			);
			dependencies = (
			);
			name = "Radar-Pager";
			productName = "Radar-Pager";
			productReference = FF0219AE1F3C470A00A4C5FF /* Radar-Pager.app */;
			productType = "com.apple.product-type.application";
		};
/* End PBXNativeTarget section */

/* Begin PBXProject section */
		FF0219A61F3C470A00A4C5FF /* Project object */ = {
			isa = PBXProject;
			attributes = {
				LastSwiftUpdateCheck = 0900;
				LastUpgradeCheck = 0900;
				ORGANIZATIONNAME = "David Cordero";
				TargetAttributes = {
					FF0219AD1F3C470A00A4C5FF = {
						CreatedOnToolsVersion = 9.0;
					};
				};
			};
			buildConfigurationList = FF0219A91F3C470A00A4C5FF /* Build configuration list for PBXProject "Radar-Pager" */;
			compatibilityVersion = "Xcode 8.0";
			developmentRegion = en;
			hasScannedForEncodings = 0;
			knownRegions = (
				en,
				Base,
			);
			mainGroup = FF0219A51F3C470A00A4C5FF;
			productRefGroup = FF0219AF1F3C470A00A4C5FF /* Products */;
			projectDirPath = "";
			projectRoot = "";
			targets = (
				FF0219AD1F3C470A00A4C5FF /* Radar-Pager */,
			);
		};
/* End PBXProject section */

/* Begin PBXResourcesBuildPhase section */
		FF0219AC1F3C470A00A4C5FF /* Resources */ = {
			isa = PBXResourcesBuildPhase;
			buildActionMask = 2147483647;
			files = (
				FF0219B91F3C470A00A4C5FF /* Assets.xcassets in Resources */,
				FF0219B71F3C470A00A4C5FF /* Main.storyboard in Resources */,
			);
			runOnlyForDeploymentPostprocessing = 0;
		};
/* End PBXResourcesBuildPhase section */

/* Begin PBXSourcesBuildPhase section */
		FF0219AA1F3C470A00A4C5FF /* Sources */ = {
			isa = PBXSourcesBuildPhase;
			buildActionMask = 2147483647;
			files = (
				FF0219B41F3C470A00A4C5FF /* InitialViewController.swift in Sources */,
				FF0219C11F3C47F100A4C5FF /* SinglePageViewController.swift in Sources */,
				FF0219B21F3C470A00A4C5FF /* AppDelegate.swift in Sources */,
			);
			runOnlyForDeploymentPostprocessing = 0;
		};
/* End PBXSourcesBuildPhase section */

/* Begin PBXVariantGroup section */
		FF0219B51F3C470A00A4C5FF /* Main.storyboard */ = {
			isa = PBXVariantGroup;
			children = (
				FF0219B61F3C470A00A4C5FF /* Base */,
			);
			name = Main.storyboard;
			sourceTree = "<group>";
		};
/* End PBXVariantGroup section */

/* Begin XCBuildConfiguration section */
		FF0219BB1F3C470A00A4C5FF /* Debug */ = {
			isa = XCBuildConfiguration;
			buildSettings = {
				ALWAYS_SEARCH_USER_PATHS = NO;
				CLANG_ANALYZER_NONNULL = YES;
				CLANG_ANALYZER_NUMBER_OBJECT_CONVERSION = YES_AGGRESSIVE;
				CLANG_CXX_LANGUAGE_STANDARD = "gnu++14";
				CLANG_CXX_LIBRARY = "libc++";
				CLANG_ENABLE_MODULES = YES;
				CLANG_ENABLE_OBJC_ARC = YES;
				CLANG_WARN_BLOCK_CAPTURE_AUTORELEASING = YES;
				CLANG_WARN_BOOL_CONVERSION = YES;
				CLANG_WARN_COMMA = YES;
				CLANG_WARN_CONSTANT_CONVERSION = YES;
				CLANG_WARN_DIRECT_OBJC_ISA_USAGE = YES_ERROR;
				CLANG_WARN_DOCUMENTATION_COMMENTS = YES;
				CLANG_WARN_EMPTY_BODY = YES;
				CLANG_WARN_ENUM_CONVERSION = YES;
				CLANG_WARN_INFINITE_RECURSION = YES;
				CLANG_WARN_INT_CONVERSION = YES;
				CLANG_WARN_NON_LITERAL_NULL_CONVERSION = YES;
				CLANG_WARN_OBJC_LITERAL_CONVERSION = YES;
				CLANG_WARN_OBJC_ROOT_CLASS = YES_ERROR;
				CLANG_WARN_RANGE_LOOP_ANALYSIS = YES;
				CLANG_WARN_STRICT_PROTOTYPES = YES;
				CLANG_WARN_SUSPICIOUS_MOVE = YES;
				CLANG_WARN_UNGUARDED_AVAILABILITY = YES_AGGRESSIVE;
				CLANG_WARN_UNREACHABLE_CODE = YES;
				CLANG_WARN__DUPLICATE_METHOD_MATCH = YES;
				COPY_PHASE_STRIP = NO;
				DEBUG_INFORMATION_FORMAT = dwarf;
				ENABLE_STRICT_OBJC_MSGSEND = YES;
				ENABLE_TESTABILITY = YES;
				GCC_C_LANGUAGE_STANDARD = gnu11;
				GCC_DYNAMIC_NO_PIC = NO;
				GCC_NO_COMMON_BLOCKS = YES;
				GCC_OPTIMIZATION_LEVEL = 0;
				GCC_PREPROCESSOR_DEFINITIONS = (
					"DEBUG=1",
					"$(inherited)",
				);
				GCC_WARN_64_TO_32_BIT_CONVERSION = YES;
				GCC_WARN_ABOUT_RETURN_TYPE = YES_ERROR;
				GCC_WARN_UNDECLARED_SELECTOR = YES;
				GCC_WARN_UNINITIALIZED_AUTOS = YES_AGGRESSIVE;
				GCC_WARN_UNUSED_FUNCTION = YES;
				GCC_WARN_UNUSED_VARIABLE = YES;
				MTL_ENABLE_DEBUG_INFO = YES;
				ONLY_ACTIVE_ARCH = YES;
				SDKROOT = appletvos;
				SWIFT_ACTIVE_COMPILATION_CONDITIONS = DEBUG;
				SWIFT_OPTIMIZATION_LEVEL = "-Onone";
				TVOS_DEPLOYMENT_TARGET = 11.0;
			};
			name = Debug;
		};
		FF0219BC1F3C470A00A4C5FF /* Release */ = {
			isa = XCBuildConfiguration;
			buildSettings = {
				ALWAYS_SEARCH_USER_PATHS = NO;
				CLANG_ANALYZER_NONNULL = YES;
				CLANG_ANALYZER_NUMBER_OBJECT_CONVERSION = YES_AGGRESSIVE;
				CLANG_CXX_LANGUAGE_STANDARD = "gnu++14";
				CLANG_CXX_LIBRARY = "libc++";
				CLANG_ENABLE_MODULES = YES;
				CLANG_ENABLE_OBJC_ARC = YES;
				CLANG_WARN_BLOCK_CAPTURE_AUTORELEASING = YES;
				CLANG_WARN_BOOL_CONVERSION = YES;
				CLANG_WARN_COMMA = YES;
				CLANG_WARN_CONSTANT_CONVERSION = YES;
				CLANG_WARN_DIRECT_OBJC_ISA_USAGE = YES_ERROR;
				CLANG_WARN_DOCUMENTATION_COMMENTS = YES;
				CLANG_WARN_EMPTY_BODY = YES;
				CLANG_WARN_ENUM_CONVERSION = YES;
				CLANG_WARN_INFINITE_RECURSION = YES;
				CLANG_WARN_INT_CONVERSION = YES;
				CLANG_WARN_NON_LITERAL_NULL_CONVERSION = YES;
				CLANG_WARN_OBJC_LITERAL_CONVERSION = YES;
				CLANG_WARN_OBJC_ROOT_CLASS = YES_ERROR;
				CLANG_WARN_RANGE_LOOP_ANALYSIS = YES;
				CLANG_WARN_STRICT_PROTOTYPES = YES;
				CLANG_WARN_SUSPICIOUS_MOVE = YES;
				CLANG_WARN_UNGUARDED_AVAILABILITY = YES_AGGRESSIVE;
				CLANG_WARN_UNREACHABLE_CODE = YES;
				CLANG_WARN__DUPLICATE_METHOD_MATCH = YES;
				COPY_PHASE_STRIP = NO;
				DEBUG_INFORMATION_FORMAT = "dwarf-with-dsym";
				ENABLE_NS_ASSERTIONS = NO;
				ENABLE_STRICT_OBJC_MSGSEND = YES;
				GCC_C_LANGUAGE_STANDARD = gnu11;
				GCC_NO_COMMON_BLOCKS = YES;
				GCC_WARN_64_TO_32_BIT_CONVERSION = YES;
				GCC_WARN_ABOUT_RETURN_TYPE = YES_ERROR;
				GCC_WARN_UNDECLARED_SELECTOR = YES;
				GCC_WARN_UNINITIALIZED_AUTOS = YES_AGGRESSIVE;
				GCC_WARN_UNUSED_FUNCTION = YES;
				GCC_WARN_UNUSED_VARIABLE = YES;
				MTL_ENABLE_DEBUG_INFO = NO;
				SDKROOT = appletvos;
				SWIFT_OPTIMIZATION_LEVEL = "-Owholemodule";
				TVOS_DEPLOYMENT_TARGET = 11.0;
				VALIDATE_PRODUCT = YES;
			};
			name = Release;
		};
		FF0219BE1F3C470A00A4C5FF /* Debug */ = {
			isa = XCBuildConfiguration;
			buildSettings = {
				ASSETCATALOG_COMPILER_APPICON_NAME = "App Icon & Top Shelf Image";
				ASSETCATALOG_COMPILER_LAUNCHIMAGE_NAME = LaunchImage;
				DEVELOPMENT_TEAM = L27TU8W49Z;
				INFOPLIST_FILE = "Radar-Pager/Info.plist";
				LD_RUNPATH_SEARCH_PATHS = "$(inherited) @executable_path/Frameworks";
				PRODUCT_BUNDLE_IDENTIFIER = "dcordero.Radar-Pager";
				PRODUCT_NAME = "$(TARGET_NAME)";
				SWIFT_VERSION = 4.0;
				TARGETED_DEVICE_FAMILY = 3;
			};
			name = Debug;
		};
		FF0219BF1F3C470A00A4C5FF /* Release */ = {
			isa = XCBuildConfiguration;
			buildSettings = {
				ASSETCATALOG_COMPILER_APPICON_NAME = "App Icon & Top Shelf Image";
				ASSETCATALOG_COMPILER_LAUNCHIMAGE_NAME = LaunchImage;
				DEVELOPMENT_TEAM = L27TU8W49Z;
				INFOPLIST_FILE = "Radar-Pager/Info.plist";
				LD_RUNPATH_SEARCH_PATHS = "$(inherited) @executable_path/Frameworks";
				PRODUCT_BUNDLE_IDENTIFIER = "dcordero.Radar-Pager";
				PRODUCT_NAME = "$(TARGET_NAME)";
				SWIFT_VERSION = 4.0;
				TARGETED_DEVICE_FAMILY = 3;
			};
			name = Release;
		};
/* End XCBuildConfiguration section */

/* Begin XCConfigurationList section */
		FF0219A91F3C470A00A4C5FF /* Build configuration list for PBXProject "Radar-Pager" */ = {
			isa = XCConfigurationList;
			buildConfigurations = (
				FF0219BB1F3C470A00A4C5FF /* Debug */,
				FF0219BC1F3C470A00A4C5FF /* Release */,
			);
			defaultConfigurationIsVisible = 0;
			defaultConfigurationName = Release;
		};
		FF0219BD1F3C470A00A4C5FF /* Build configuration list for PBXNativeTarget "Radar-Pager" */ = {
			isa = XCConfigurationList;
			buildConfigurations = (
				FF0219BE1F3C470A00A4C5FF /* Debug */,
				FF0219BF1F3C470A00A4C5FF /* Release */,
			);
			defaultConfigurationIsVisible = 0;
			defaultConfigurationName = Release;
		};
/* End XCConfigurationList section */
	};
	rootObject = FF0219A61F3C470A00A4C5FF /* Project object */;
}
